{
  "requires": true,
  "lockfileVersion": 1,
  "dependencies": {
    "formidable": {
      "version": "1.2.1",
      "resolved": "https://registry.npmjs.org/formidable/-/formidable-1.2.1.tgz",
      "integrity": "sha512-Fs9VRguL0gqGHkXS5GQiMCr1VhZBxz0JnJs4JmMp/2jL18Fmbzvv7vOFRU+U8TBkHEE/CX1qDXzJplVULgsLeg=="
    },
    "inpath": {
      "version": "1.0.2",
      "resolved": "https://registry.npmjs.org/inpath/-/inpath-1.0.2.tgz",
      "integrity": "sha1-SsIZcQ7Hpy9GD/lL9CTdPvDlKBc="
    },
    "pidof": {
      "version": "1.0.2",
      "resolved": "https://registry.npmjs.org/pidof/-/pidof-1.0.2.tgz",
      "integrity": "sha1-+6Dq4cgzWhHrgJn10PPvvEXLTpA="
    },
    "sudo-js": {
      "version": "1.0.2",
      "resolved": "https://registry.npmjs.org/sudo-js/-/sudo-js-1.0.2.tgz",
      "integrity": "sha1-tnbXBnU6miO6eGKMuKI/fUVh2RM=",
      "requires": {
        "inpath": "^1.0.2",
        "pidof": "^1.0.2"
      }
    }
  }
}
